
Microsoft Visual Studio Solution File, Format Version 12.00
# Visual Studio 15
VisualStudioVersion = 15.0.26430.13
MinimumVisualStudioVersion = 10.0.40219.1
Project("{FAE04EC0-301F-11D3-BF4B-00C04F79EFBC}") = "AF-Market", "AF-Market\AF-Market.csproj", "{40DAD1EE-D945-4D3C-BC51-32FEADB71A00}"
EndProject
Project("{FAE04EC0-301F-11D3-BF4B-00C04F79EFBC}") = "AF-Market.Tests", "AF-Market.Tests\AF-Market.Tests.csproj", "{74C2BB49-8708-40AA-9D82-D90C5266458E}"
EndProject
Global
	GlobalSection(SolutionConfigurationPlatforms) = preSolution
		Debug|Any CPU = Debug|Any CPU
		Release|Any CPU = Release|Any CPU
	EndGlobalSection
	GlobalSection(ProjectConfigurationPlatforms) = postSolution
		{40DAD1EE-D945-4D3C-BC51-32FEADB71A00}.Debug|Any CPU.ActiveCfg = Debug|Any CPU
		{40DAD1EE-D945-4D3C-BC51-32FEADB71A00}.Debug|Any CPU.Build.0 = Debug|Any CPU
		{40DAD1EE-D945-4D3C-BC51-32FEADB71A00}.Release|Any CPU.ActiveCfg = Release|Any CPU
		{40DAD1EE-D945-4D3C-BC51-32FEADB71A00}.Release|Any CPU.Build.0 = Release|Any CPU
		{74C2BB49-8708-40AA-9D82-D90C5266458E}.Debug|Any CPU.ActiveCfg = Debug|Any CPU
		{74C2BB49-8708-40AA-9D82-D90C5266458E}.Debug|Any CPU.Build.0 = Debug|Any CPU
		{74C2BB49-8708-40AA-9D82-D90C5266458E}.Release|Any CPU.ActiveCfg = Release|Any CPU
		{74C2BB49-8708-40AA-9D82-D90C5266458E}.Release|Any CPU.Build.0 = Release|Any CPU
	EndGlobalSection
	GlobalSection(SolutionProperties) = preSolution
		HideSolutionNode = FALSE
	EndGlobalSection
EndGlobal
